// !$*UTF8*$!
{
	archiveVersion = 1;
	classes = {
	};
	objectVersion = 56;
	objects = {

/* Begin PBXBuildFile section */
		548AEE132A0A30D400361D56 /* FixBoxAppApp.swift in Sources */ = {isa = PBXBuildFile; fileRef = 548AEE122A0A30D400361D56 /* FixBoxAppApp.swift */; };
		548AEE152A0A30D400361D56 /* ContentView.swift in Sources */ = {isa = PBXBuildFile; fileRef = 548AEE142A0A30D400361D56 /* ContentView.swift */; };
		548AEE172A0A30D600361D56 /* Assets.xcassets in Resources */ = {isa = PBXBuildFile; fileRef = 548AEE162A0A30D600361D56 /* Assets.xcassets */; };
		548AEE1B2A0A30D600361D56 /* Preview Assets.xcassets in Resources */ = {isa = PBXBuildFile; fileRef = 548AEE1A2A0A30D600361D56 /* Preview Assets.xcassets */; };
		548AEE232A0A317200361D56 /* ContentViewModel.swift in Sources */ = {isa = PBXBuildFile; fileRef = 548AEE222A0A317200361D56 /* ContentViewModel.swift */; };
		548AEE262A0A321600361D56 /* FixScene.swift in Sources */ = {isa = PBXBuildFile; fileRef = 548AEE252A0A321600361D56 /* FixScene.swift */; };
		548AEE292A0A32EF00361D56 /* PersistInt.swift in Sources */ = {isa = PBXBuildFile; fileRef = 548AEE282A0A32EF00361D56 /* PersistInt.swift */; };
		548AEE2D2A0A33AA00361D56 /* CircleSceneView.swift in Sources */ = {isa = PBXBuildFile; fileRef = 548AEE2C2A0A33AA00361D56 /* CircleSceneView.swift */; };
		548AEE2F2A0A34B500361D56 /* CircleScene.swift in Sources */ = {isa = PBXBuildFile; fileRef = 548AEE2E2A0A34B500361D56 /* CircleScene.swift */; };
		548AEE342A0A351F00361D56 /* CGSize+Compare.swift in Sources */ = {isa = PBXBuildFile; fileRef = 548AEE312A0A351F00361D56 /* CGSize+Compare.swift */; };
		548AEE352A0A351F00361D56 /* Matrix.swift in Sources */ = {isa = PBXBuildFile; fileRef = 548AEE322A0A351F00361D56 /* Matrix.swift */; };
		548AEE362A0A351F00361D56 /* CGPoint+Vector.swift in Sources */ = {isa = PBXBuildFile; fileRef = 548AEE332A0A351F00361D56 /* CGPoint+Vector.swift */; };
		548AEE382A0A36F600361D56 /* BoxScene.swift in Sources */ = {isa = PBXBuildFile; fileRef = 548AEE372A0A36F600361D56 /* BoxScene.swift */; };
		548AEE3A2A0A370200361D56 /* BoxSceneView.swift in Sources */ = {isa = PBXBuildFile; fileRef = 548AEE392A0A370200361D56 /* BoxSceneView.swift */; };
/* End PBXBuildFile section */

/* Begin PBXFileReference section */
		548AEE0F2A0A30D400361D56 /* FixBoxApp.app */ = {isa = PBXFileReference; explicitFileType = wrapper.application; includeInIndex = 0; path = FixBoxApp.app; sourceTree = BUILT_PRODUCTS_DIR; };
		548AEE122A0A30D400361D56 /* FixBoxAppApp.swift */ = {isa = PBXFileReference; lastKnownFileType = sourcecode.swift; path = FixBoxAppApp.swift; sourceTree = "<group>"; };
		548AEE142A0A30D400361D56 /* ContentView.swift */ = {isa = PBXFileReference; lastKnownFileType = sourcecode.swift; path = ContentView.swift; sourceTree = "<group>"; };
		548AEE162A0A30D600361D56 /* Assets.xcassets */ = {isa = PBXFileReference; lastKnownFileType = folder.assetcatalog; path = Assets.xcassets; sourceTree = "<group>"; };
		548AEE182A0A30D600361D56 /* FixBoxApp.entitlements */ = {isa = PBXFileReference; lastKnownFileType = text.plist.entitlements; path = FixBoxApp.entitlements; sourceTree = "<group>"; };
		548AEE1A2A0A30D600361D56 /* Preview Assets.xcassets */ = {isa = PBXFileReference; lastKnownFileType = folder.assetcatalog; path = "Preview Assets.xcassets"; sourceTree = "<group>"; };
		548AEE222A0A317200361D56 /* ContentViewModel.swift */ = {isa = PBXFileReference; lastKnownFileType = sourcecode.swift; path = ContentViewModel.swift; sourceTree = "<group>"; };
		548AEE252A0A321600361D56 /* FixScene.swift */ = {isa = PBXFileReference; lastKnownFileType = sourcecode.swift; path = FixScene.swift; sourceTree = "<group>"; };
		548AEE282A0A32EF00361D56 /* PersistInt.swift */ = {isa = PBXFileReference; lastKnownFileType = sourcecode.swift; path = PersistInt.swift; sourceTree = "<group>"; };
		548AEE2C2A0A33AA00361D56 /* CircleSceneView.swift */ = {isa = PBXFileReference; lastKnownFileType = sourcecode.swift; path = CircleSceneView.swift; sourceTree = "<group>"; };
		548AEE2E2A0A34B500361D56 /* CircleScene.swift */ = {isa = PBXFileReference; lastKnownFileType = sourcecode.swift; path = CircleScene.swift; sourceTree = "<group>"; };
		548AEE312A0A351F00361D56 /* CGSize+Compare.swift */ = {isa = PBXFileReference; fileEncoding = 4; lastKnownFileType = sourcecode.swift; path = "CGSize+Compare.swift"; sourceTree = "<group>"; };
		548AEE322A0A351F00361D56 /* Matrix.swift */ = {isa = PBXFileReference; fileEncoding = 4; lastKnownFileType = sourcecode.swift; path = Matrix.swift; sourceTree = "<group>"; };
		548AEE332A0A351F00361D56 /* CGPoint+Vector.swift */ = {isa = PBXFileReference; fileEncoding = 4; lastKnownFileType = sourcecode.swift; path = "CGPoint+Vector.swift"; sourceTree = "<group>"; };
		548AEE372A0A36F600361D56 /* BoxScene.swift */ = {isa = PBXFileReference; lastKnownFileType = sourcecode.swift; path = BoxScene.swift; sourceTree = "<group>"; };
		548AEE392A0A370200361D56 /* BoxSceneView.swift */ = {isa = PBXFileReference; lastKnownFileType = sourcecode.swift; path = BoxSceneView.swift; sourceTree = "<group>"; };
/* End PBXFileReference section */

/* Begin PBXFrameworksBuildPhase section */
		548AEE0C2A0A30D400361D56 /* Frameworks */ = {
			isa = PBXFrameworksBuildPhase;
			buildActionMask = 2147483647;
			files = (
			);
			runOnlyForDeploymentPostprocessing = 0;
		};
/* End PBXFrameworksBuildPhase section */

/* Begin PBXGroup section */
		548AEE062A0A30D400361D56 = {
			isa = PBXGroup;
			children = (
				548AEE112A0A30D400361D56 /* FixBoxApp */,
				548AEE102A0A30D400361D56 /* Products */,
			);
			sourceTree = "<group>";
		};
		548AEE102A0A30D400361D56 /* Products */ = {
			isa = PBXGroup;
			children = (
				548AEE0F2A0A30D400361D56 /* FixBoxApp.app */,
			);
			name = Products;
			sourceTree = "<group>";
		};
		548AEE112A0A30D400361D56 /* FixBoxApp */ = {
			isa = PBXGroup;
			children = (
				548AEE272A0A32DF00361D56 /* Util */,
				548AEE242A0A320A00361D56 /* Scene */,
				548AEE212A0A312300361D56 /* Main */,
				548AEE122A0A30D400361D56 /* FixBoxAppApp.swift */,
				548AEE162A0A30D600361D56 /* Assets.xcassets */,
				548AEE182A0A30D600361D56 /* FixBoxApp.entitlements */,
				548AEE192A0A30D600361D56 /* Preview Content */,
			);
			path = FixBoxApp;
			sourceTree = "<group>";
		};
		548AEE192A0A30D600361D56 /* Preview Content */ = {
			isa = PBXGroup;
			children = (
				548AEE1A2A0A30D600361D56 /* Preview Assets.xcassets */,
			);
			path = "Preview Content";
			sourceTree = "<group>";
		};
		548AEE212A0A312300361D56 /* Main */ = {
			isa = PBXGroup;
			children = (
				548AEE142A0A30D400361D56 /* ContentView.swift */,
				548AEE222A0A317200361D56 /* ContentViewModel.swift */,
			);
			path = Main;
			sourceTree = "<group>";
		};
		548AEE242A0A320A00361D56 /* Scene */ = {
			isa = PBXGroup;
			children = (
				548AEE2B2A0A339B00361D56 /* Box */,
				548AEE2A2A0A339400361D56 /* Circle */,
				548AEE252A0A321600361D56 /* FixScene.swift */,
			);
			path = Scene;
			sourceTree = "<group>";
		};
		548AEE272A0A32DF00361D56 /* Util */ = {
			isa = PBXGroup;
			children = (
				548AEE302A0A351F00361D56 /* Math */,
				548AEE282A0A32EF00361D56 /* PersistInt.swift */,
			);
			path = Util;
			sourceTree = "<group>";
		};
		548AEE2A2A0A339400361D56 /* Circle */ = {
			isa = PBXGroup;
			children = (
				548AEE2E2A0A34B500361D56 /* CircleScene.swift */,
				548AEE2C2A0A33AA00361D56 /* CircleSceneView.swift */,
			);
			path = Circle;
			sourceTree = "<group>";
		};
		548AEE2B2A0A339B00361D56 /* Box */ = {
			isa = PBXGroup;
			children = (
				548AEE372A0A36F600361D56 /* BoxScene.swift */,
				548AEE392A0A370200361D56 /* BoxSceneView.swift */,
			);
			path = Box;
			sourceTree = "<group>";
		};
		548AEE302A0A351F00361D56 /* Math */ = {
			isa = PBXGroup;
			children = (
				548AEE312A0A351F00361D56 /* CGSize+Compare.swift */,
				548AEE322A0A351F00361D56 /* Matrix.swift */,
				548AEE332A0A351F00361D56 /* CGPoint+Vector.swift */,
			);
			path = Math;
			sourceTree = "<group>";
		};
/* End PBXGroup section */

/* Begin PBXNativeTarget section */
		548AEE0E2A0A30D400361D56 /* FixBoxApp */ = {
			isa = PBXNativeTarget;
			buildConfigurationList = 548AEE1E2A0A30D600361D56 /* Build configuration list for PBXNativeTarget "FixBoxApp" */;
			buildPhases = (
				548AEE0B2A0A30D400361D56 /* Sources */,
				548AEE0C2A0A30D400361D56 /* Frameworks */,
				548AEE0D2A0A30D400361D56 /* Resources */,
			);
			buildRules = (
			);
			dependencies = (
			);
			name = FixBoxApp;
			productName = FixBoxApp;
			productReference = 548AEE0F2A0A30D400361D56 /* FixBoxApp.app */;
			productType = "com.apple.product-type.application";
		};
/* End PBXNativeTarget section */

/* Begin PBXProject section */
		548AEE072A0A30D400361D56 /* Project object */ = {
			isa = PBXProject;
			attributes = {
				BuildIndependentTargetsInParallel = 1;
				LastSwiftUpdateCheck = 1430;
				LastUpgradeCheck = 1430;
				TargetAttributes = {
					548AEE0E2A0A30D400361D56 = {
						CreatedOnToolsVersion = 14.3;
					};
				};
			};
			buildConfigurationList = 548AEE0A2A0A30D400361D56 /* Build configuration list for PBXProject "FixBoxApp" */;
			compatibilityVersion = "Xcode 14.0";
			developmentRegion = en;
			hasScannedForEncodings = 0;
			knownRegions = (
				en,
				Base,
			);
			mainGroup = 548AEE062A0A30D400361D56;
			productRefGroup = 548AEE102A0A30D400361D56 /* Products */;
			projectDirPath = "";
			projectRoot = "";
			targets = (
				548AEE0E2A0A30D400361D56 /* FixBoxApp */,
			);
		};
/* End PBXProject section */

/* Begin PBXResourcesBuildPhase section */
		548AEE0D2A0A30D400361D56 /* Resources */ = {
			isa = PBXResourcesBuildPhase;
			buildActionMask = 2147483647;
			files = (
				548AEE1B2A0A30D600361D56 /* Preview Assets.xcassets in Resources */,
				548AEE172A0A30D600361D56 /* Assets.xcassets in Resources */,
			);
			runOnlyForDeploymentPostprocessing = 0;
		};
/* End PBXResourcesBuildPhase section */

/* Begin PBXSourcesBuildPhase section */
		548AEE0B2A0A30D400361D56 /* Sources */ = {
			isa = PBXSourcesBuildPhase;
			buildActionMask = 2147483647;
			files = (
				548AEE2F2A0A34B500361D56 /* CircleScene.swift in Sources */,
				548AEE2D2A0A33AA00361D56 /* CircleSceneView.swift in Sources */,
				548AEE352A0A351F00361D56 /* Matrix.swift in Sources */,
				548AEE3A2A0A370200361D56 /* BoxSceneView.swift in Sources */,
				548AEE292A0A32EF00361D56 /* PersistInt.swift in Sources */,
				548AEE152A0A30D400361D56 /* ContentView.swift in Sources */,
				548AEE362A0A351F00361D56 /* CGPoint+Vector.swift in Sources */,
				548AEE132A0A30D400361D56 /* FixBoxAppApp.swift in Sources */,
				548AEE262A0A321600361D56 /* FixScene.swift in Sources */,
				548AEE382A0A36F600361D56 /* BoxScene.swift in Sources */,
				548AEE342A0A351F00361D56 /* CGSize+Compare.swift in Sources */,
				548AEE232A0A317200361D56 /* ContentViewModel.swift in Sources */,
			);
			runOnlyForDeploymentPostprocessing = 0;
		};
/* End PBXSourcesBuildPhase section */

/* Begin XCBuildConfiguration section */
		548AEE1C2A0A30D600361D56 /* Debug */ = {
			isa = XCBuildConfiguration;
			buildSettings = {
				ALWAYS_SEARCH_USER_PATHS = NO;
				CLANG_ANALYZER_NONNULL = YES;
				CLANG_ANALYZER_NUMBER_OBJECT_CONVERSION = YES_AGGRESSIVE;
				CLANG_CXX_LANGUAGE_STANDARD = "gnu++20";
				CLANG_ENABLE_MODULES = YES;
				CLANG_ENABLE_OBJC_ARC = YES;
				CLANG_ENABLE_OBJC_WEAK = YES;
				CLANG_WARN_BLOCK_CAPTURE_AUTORELEASING = YES;
				CLANG_WARN_BOOL_CONVERSION = YES;
				CLANG_WARN_COMMA = YES;
				CLANG_WARN_CONSTANT_CONVERSION = YES;
				CLANG_WARN_DEPRECATED_OBJC_IMPLEMENTATIONS = YES;
				CLANG_WARN_DIRECT_OBJC_ISA_USAGE = YES_ERROR;
				CLANG_WARN_DOCUMENTATION_COMMENTS = YES;
				CLANG_WARN_EMPTY_BODY = YES;
				CLANG_WARN_ENUM_CONVERSION = YES;
				CLANG_WARN_INFINITE_RECURSION = YES;
				CLANG_WARN_INT_CONVERSION = YES;
				CLANG_WARN_NON_LITERAL_NULL_CONVERSION = YES;
				CLANG_WARN_OBJC_IMPLICIT_RETAIN_SELF = YES;
				CLANG_WARN_OBJC_LITERAL_CONVERSION = YES;
				CLANG_WARN_OBJC_ROOT_CLASS = YES_ERROR;
				CLANG_WARN_QUOTED_INCLUDE_IN_FRAMEWORK_HEADER = YES;
				CLANG_WARN_RANGE_LOOP_ANALYSIS = YES;
				CLANG_WARN_STRICT_PROTOTYPES = YES;
				CLANG_WARN_SUSPICIOUS_MOVE = YES;
				CLANG_WARN_UNGUARDED_AVAILABILITY = YES_AGGRESSIVE;
				CLANG_WARN_UNREACHABLE_CODE = YES;
				CLANG_WARN__DUPLICATE_METHOD_MATCH = YES;
				COPY_PHASE_STRIP = NO;
				DEBUG_INFORMATION_FORMAT = dwarf;
				ENABLE_STRICT_OBJC_MSGSEND = YES;
				ENABLE_TESTABILITY = YES;
				GCC_C_LANGUAGE_STANDARD = gnu11;
				GCC_DYNAMIC_NO_PIC = NO;
				GCC_NO_COMMON_BLOCKS = YES;
				GCC_OPTIMIZATION_LEVEL = 0;
				GCC_PREPROCESSOR_DEFINITIONS = (
					"DEBUG=1",
					"$(inherited)",
				);
				GCC_WARN_64_TO_32_BIT_CONVERSION = YES;
				GCC_WARN_ABOUT_RETURN_TYPE = YES_ERROR;
				GCC_WARN_UNDECLARED_SELECTOR = YES;
				GCC_WARN_UNINITIALIZED_AUTOS = YES_AGGRESSIVE;
				GCC_WARN_UNUSED_FUNCTION = YES;
				GCC_WARN_UNUSED_VARIABLE = YES;
				MTL_ENABLE_DEBUG_INFO = INCLUDE_SOURCE;
				MTL_FAST_MATH = YES;
				ONLY_ACTIVE_ARCH = YES;
				SWIFT_ACTIVE_COMPILATION_CONDITIONS = DEBUG;
				SWIFT_OPTIMIZATION_LEVEL = "-Onone";
			};
			name = Debug;
		};
		548AEE1D2A0A30D600361D56 /* Release */ = {
			isa = XCBuildConfiguration;
			buildSettings = {
				ALWAYS_SEARCH_USER_PATHS = NO;
				CLANG_ANALYZER_NONNULL = YES;
				CLANG_ANALYZER_NUMBER_OBJECT_CONVERSION = YES_AGGRESSIVE;
				CLANG_CXX_LANGUAGE_STANDARD = "gnu++20";
				CLANG_ENABLE_MODULES = YES;
				CLANG_ENABLE_OBJC_ARC = YES;
				CLANG_ENABLE_OBJC_WEAK = YES;
				CLANG_WARN_BLOCK_CAPTURE_AUTORELEASING = YES;
				CLANG_WARN_BOOL_CONVERSION = YES;
				CLANG_WARN_COMMA = YES;
				CLANG_WARN_CONSTANT_CONVERSION = YES;
				CLANG_WARN_DEPRECATED_OBJC_IMPLEMENTATIONS = YES;
				CLANG_WARN_DIRECT_OBJC_ISA_USAGE = YES_ERROR;
				CLANG_WARN_DOCUMENTATION_COMMENTS = YES;
				CLANG_WARN_EMPTY_BODY = YES;
				CLANG_WARN_ENUM_CONVERSION = YES;
				CLANG_WARN_INFINITE_RECURSION = YES;
				CLANG_WARN_INT_CONVERSION = YES;
				CLANG_WARN_NON_LITERAL_NULL_CONVERSION = YES;
				CLANG_WARN_OBJC_IMPLICIT_RETAIN_SELF = YES;
				CLANG_WARN_OBJC_LITERAL_CONVERSION = YES;
				CLANG_WARN_OBJC_ROOT_CLASS = YES_ERROR;
				CLANG_WARN_QUOTED_INCLUDE_IN_FRAMEWORK_HEADER = YES;
				CLANG_WARN_RANGE_LOOP_ANALYSIS = YES;
				CLANG_WARN_STRICT_PROTOTYPES = YES;
				CLANG_WARN_SUSPICIOUS_MOVE = YES;
				CLANG_WARN_UNGUARDED_AVAILABILITY = YES_AGGRESSIVE;
				CLANG_WARN_UNREACHABLE_CODE = YES;
				CLANG_WARN__DUPLICATE_METHOD_MATCH = YES;
				COPY_PHASE_STRIP = NO;
				DEBUG_INFORMATION_FORMAT = "dwarf-with-dsym";
				ENABLE_NS_ASSERTIONS = NO;
				ENABLE_STRICT_OBJC_MSGSEND = YES;
				GCC_C_LANGUAGE_STANDARD = gnu11;
				GCC_NO_COMMON_BLOCKS = YES;
				GCC_WARN_64_TO_32_BIT_CONVERSION = YES;
				GCC_WARN_ABOUT_RETURN_TYPE = YES_ERROR;
				GCC_WARN_UNDECLARED_SELECTOR = YES;
				GCC_WARN_UNINITIALIZED_AUTOS = YES_AGGRESSIVE;
				GCC_WARN_UNUSED_FUNCTION = YES;
				GCC_WARN_UNUSED_VARIABLE = YES;
				MTL_ENABLE_DEBUG_INFO = NO;
				MTL_FAST_MATH = YES;
				SWIFT_COMPILATION_MODE = wholemodule;
				SWIFT_OPTIMIZATION_LEVEL = "-O";
			};
			name = Release;
		};
		548AEE1F2A0A30D600361D56 /* Debug */ = {
			isa = XCBuildConfiguration;
			buildSettings = {
				ASSETCATALOG_COMPILER_APPICON_NAME = AppIcon;
				ASSETCATALOG_COMPILER_GLOBAL_ACCENT_COLOR_NAME = AccentColor;
				CODE_SIGN_ENTITLEMENTS = FixBoxApp/FixBoxApp.entitlements;
				CODE_SIGN_STYLE = Automatic;
				CURRENT_PROJECT_VERSION = 1;
				DEVELOPMENT_ASSET_PATHS = "\"FixBoxApp/Preview Content\"";
				DEVELOPMENT_TEAM = HPV9E52JPX;
				ENABLE_HARDENED_RUNTIME = YES;
				ENABLE_PREVIEWS = YES;
				GENERATE_INFOPLIST_FILE = YES;
				"INFOPLIST_KEY_UIApplicationSceneManifest_Generation[sdk=iphoneos*]" = YES;
				"INFOPLIST_KEY_UIApplicationSceneManifest_Generation[sdk=iphonesimulator*]" = YES;
				"INFOPLIST_KEY_UIApplicationSupportsIndirectInputEvents[sdk=iphoneos*]" = YES;
				"INFOPLIST_KEY_UIApplicationSupportsIndirectInputEvents[sdk=iphonesimulator*]" = YES;
				"INFOPLIST_KEY_UILaunchScreen_Generation[sdk=iphoneos*]" = YES;
				"INFOPLIST_KEY_UILaunchScreen_Generation[sdk=iphonesimulator*]" = YES;
				"INFOPLIST_KEY_UIStatusBarStyle[sdk=iphoneos*]" = UIStatusBarStyleDefault;
				"INFOPLIST_KEY_UIStatusBarStyle[sdk=iphonesimulator*]" = UIStatusBarStyleDefault;
				INFOPLIST_KEY_UISupportedInterfaceOrientations_iPad = "UIInterfaceOrientationPortrait UIInterfaceOrientationPortraitUpsideDown UIInterfaceOrientationLandscapeLeft UIInterfaceOrientationLandscapeRight";
				INFOPLIST_KEY_UISupportedInterfaceOrientations_iPhone = "UIInterfaceOrientationPortrait UIInterfaceOrientationLandscapeLeft UIInterfaceOrientationLandscapeRight";
				IPHONEOS_DEPLOYMENT_TARGET = 16.4;
				LD_RUNPATH_SEARCH_PATHS = "@executable_path/Frameworks";
				"LD_RUNPATH_SEARCH_PATHS[sdk=macosx*]" = "@executable_path/../Frameworks";
				MACOSX_DEPLOYMENT_TARGET = 13.3;
				MARKETING_VERSION = 1.0;
				PRODUCT_BUNDLE_IDENTIFIER = com.nail.FixBoxApp;
				PRODUCT_NAME = "$(TARGET_NAME)";
				SDKROOT = auto;
				SUPPORTED_PLATFORMS = "iphoneos iphonesimulator macosx";
				SWIFT_EMIT_LOC_STRINGS = YES;
				SWIFT_VERSION = 5.0;
				TARGETED_DEVICE_FAMILY = "1,2";
			};
			name = Debug;
		};
		548AEE202A0A30D600361D56 /* Release */ = {
			isa = XCBuildConfiguration;
			buildSettings = {
				ASSETCATALOG_COMPILER_APPICON_NAME = AppIcon;
				ASSETCATALOG_COMPILER_GLOBAL_ACCENT_COLOR_NAME = AccentColor;
				CODE_SIGN_ENTITLEMENTS = FixBoxApp/FixBoxApp.entitlements;
				CODE_SIGN_STYLE = Automatic;
				CURRENT_PROJECT_VERSION = 1;
				DEVELOPMENT_ASSET_PATHS = "\"FixBoxApp/Preview Content\"";
				DEVELOPMENT_TEAM = HPV9E52JPX;
				ENABLE_HARDENED_RUNTIME = YES;
				ENABLE_PREVIEWS = YES;
				GENERATE_INFOPLIST_FILE = YES;
				"INFOPLIST_KEY_UIApplicationSceneManifest_Generation[sdk=iphoneos*]" = YES;
				"INFOPLIST_KEY_UIApplicationSceneManifest_Generation[sdk=iphonesimulator*]" = YES;
				"INFOPLIST_KEY_UIApplicationSupportsIndirectInputEvents[sdk=iphoneos*]" = YES;
				"INFOPLIST_KEY_UIApplicationSupportsIndirectInputEvents[sdk=iphonesimulator*]" = YES;
				"INFOPLIST_KEY_UILaunchScreen_Generation[sdk=iphoneos*]" = YES;
				"INFOPLIST_KEY_UILaunchScreen_Generation[sdk=iphonesimulator*]" = YES;
				"INFOPLIST_KEY_UIStatusBarStyle[sdk=iphoneos*]" = UIStatusBarStyleDefault;
				"INFOPLIST_KEY_UIStatusBarStyle[sdk=iphonesimulator*]" = UIStatusBarStyleDefault;
				INFOPLIST_KEY_UISupportedInterfaceOrientations_iPad = "UIInterfaceOrientationPortrait UIInterfaceOrientationPortraitUpsideDown UIInterfaceOrientationLandscapeLeft UIInterfaceOrientationLandscapeRight";
				INFOPLIST_KEY_UISupportedInterfaceOrientations_iPhone = "UIInterfaceOrientationPortrait UIInterfaceOrientationLandscapeLeft UIInterfaceOrientationLandscapeRight";
				IPHONEOS_DEPLOYMENT_TARGET = 16.4;
				LD_RUNPATH_SEARCH_PATHS = "@executable_path/Frameworks";
				"LD_RUNPATH_SEARCH_PATHS[sdk=macosx*]" = "@executable_path/../Frameworks";
				MACOSX_DEPLOYMENT_TARGET = 13.3;
				MARKETING_VERSION = 1.0;
				PRODUCT_BUNDLE_IDENTIFIER = com.nail.FixBoxApp;
				PRODUCT_NAME = "$(TARGET_NAME)";
				SDKROOT = auto;
				SUPPORTED_PLATFORMS = "iphoneos iphonesimulator macosx";
				SWIFT_EMIT_LOC_STRINGS = YES;
				SWIFT_VERSION = 5.0;
				TARGETED_DEVICE_FAMILY = "1,2";
			};
			name = Release;
		};
/* End XCBuildConfiguration section */

/* Begin XCConfigurationList section */
		548AEE0A2A0A30D400361D56 /* Build configuration list for PBXProject "FixBoxApp" */ = {
			isa = XCConfigurationList;
			buildConfigurations = (
				548AEE1C2A0A30D600361D56 /* Debug */,
				548AEE1D2A0A30D600361D56 /* Release */,
			);
			defaultConfigurationIsVisible = 0;
			defaultConfigurationName = Release;
		};
		548AEE1E2A0A30D600361D56 /* Build configuration list for PBXNativeTarget "FixBoxApp" */ = {
			isa = XCConfigurationList;
			buildConfigurations = (
				548AEE1F2A0A30D600361D56 /* Debug */,
				548AEE202A0A30D600361D56 /* Release */,
			);
			defaultConfigurationIsVisible = 0;
			defaultConfigurationName = Release;
		};
/* End XCConfigurationList section */
	};
	rootObject = 548AEE072A0A30D400361D56 /* Project object */;
}
